<?xml version="1.0" encoding="utf-8"?>
<Project ToolsVersion="4.0" xmlns="http://schemas.microsoft.com/developer/msbuild/2003">
  <ItemGroup>
    <Filter Include="Source Files">
      <UniqueIdentifier>{4FC737F1-C7A5-4376-A066-2A32D752A2FF}</UniqueIdentifier>
      <Extensions>cpp;c;cc;cxx;def;odl;idl;hpj;bat;asm;asmx</Extensions>
    </Filter>
    <Filter Include="Header Files">
      <UniqueIdentifier>{93995380-89BD-4b04-88EB-625FBE52EBFB}</UniqueIdentifier>
      <Extensions>h;hh;hpp;hxx;hm;inl;inc;xsd</Extensions>
    </Filter>
    <Filter Include="Resource Files">
      <UniqueIdentifier>{67DA6AB6-F800-4c08-8B7A-83BB121AAD01}</UniqueIdentifier>
      <Extensions>rc;ico;cur;bmp;dlg;rc2;rct;bin;rgs;gif;jpg;jpeg;jpe;resx;tiff;tif;png;wav;mfcribbon-ms</Extensions>
    </Filter>
    <Filter Include="Generated Files">
      <UniqueIdentifier>{ea11ba80-4159-414d-9c5b-1019c9fa51ad}</UniqueIdentifier>
      <SourceControlFiles>False</SourceControlFiles>
    </Filter>
    <Filter Include="Imports">
      <UniqueIdentifier>{6ad92092-a73b-4a9d-98ec-986d52fdc432}</UniqueIdentifier>
    </Filter>
  </ItemGroup>
  <ItemGroup>
    <ClCompile Include="stdafx.cpp">
      <Filter>Source Files</Filter>
    </ClCompile>
    <ClCompile Include="SessionHelper.cpp">
      <Filter>Source Files</Filter>
    </ClCompile>
    <ClCompile Include="dllmain.cpp">
      <Filter>Source Files</Filter>
    </ClCompile>
    <ClCompile Include="Kielbasa.cpp">
      <Filter>Source Files</Filter>
    </ClCompile>
    <ClCompile Include="guids.cpp">
      <Filter>Source Files</Filter>
    </ClCompile>
    <ClCompile Include="SessionCallback.cpp">
      <Filter>Source Files</Filter>
    </ClCompile>
    <ClCompile Include="ClientSite.cpp">
      <Filter>Source Files</Filter>
    </ClCompile>
    <ClCompile Include="ControlHostWindow.cpp">
      <Filter>Source Files</Filter>
    </ClCompile>
  </ItemGroup>
  <ItemGroup>
    <ClInclude Include="stdafx.h">
      <Filter>Header Files</Filter>
    </ClInclude>
    <ClInclude Include="targetver.h">
      <Filter>Header Files</Filter>
    </ClInclude>
    <ClInclude Include="Resource.h">
      <Filter>Header Files</Filter>
    </ClInclude>
    <ClInclude Include="dllmain.h">
      <Filter>Header Files</Filter>
    </ClInclude>
    <ClInclude Include="Kielbasa.h">
      <Filter>Header Files</Filter>
    </ClInclude>
    <ClInclude Include="SessionCallback.h">
      <Filter>Header Files</Filter>
    </ClInclude>
    <ClInclude Include="ClientSite.h">
      <Filter>Header Files</Filter>
    </ClInclude>
    <ClInclude Include="ControlHostWindow.h">
      <Filter>Header Files</Filter>
    </ClInclude>
  </ItemGroup>
  <ItemGroup>
    <ResourceCompile Include="SessionHelper.rc">
      <Filter>Resource Files</Filter>
    </ResourceCompile>
  </ItemGroup>
  <ItemGroup>
    <Text Include="ReadMe.txt" />
  </ItemGroup>
  <ItemGroup>
    <None Include="SessionHelper.rgs">
      <Filter>Resource Files</Filter>
    </None>
    <None Include="SessionHelper.def">
      <Filter>Source Files</Filter>
    </None>
  </ItemGroup>
  <ItemGroup>
    <Midl Include="Imports\mstsax.idl">
      <Filter>Imports</Filter>
    </Midl>
  </ItemGroup>
</Project>